# Bike Lock Room sensor node — trigger map from client/config-unit-*.json
substitutions:
  node_name: lohp-node-bike-lock
  room: "Bike Lock Room"
  effect: "BikeLockRoom"
  server_host: "127.0.0.1"   # sim: local server; real node: 192.168.1.238
  api_port: "6073"
  host_mac: "06:35:69:00:00:0d"

packages:
  logic: !include ../packages/logic.yaml
  tripwire: !include ../packages/tripwire.yaml
  platform: !include ../packages/sim_host.yaml   # -> hardware_s3.yaml when flashing (S3 = fleet standard)
